
Microsoft Visual Studio Solution File, Format Version 12.00
# Visual Studio 15
VisualStudioVersion = 15.0.27004.2002
MinimumVisualStudioVersion = 10.0.40219.1
Project("{FAE04EC0-301F-11D3-BF4B-00C04F79EFBC}") = "SevenSegTest", "SevenSegTest.csproj", "{F619AEED-0AF6-4757-AC05-FBE94BF0FBAE}"
EndProject
Project("{FAE04EC0-301F-11D3-BF4B-00C04F79EFBC}") = "SevenSegment", "SevenSegment\SevenSegment.csproj", "{00DB5A9C-12D3-43B0-9E4A-D9ECA873F5C9}"
EndProject
Global
	GlobalSection(SolutionConfigurationPlatforms) = preSolution
		Debug|Any CPU = Debug|Any CPU
		Release|Any CPU = Release|Any CPU
	EndGlobalSection
	GlobalSection(ProjectConfigurationPlatforms) = postSolution
		{F619AEED-0AF6-4757-AC05-FBE94BF0FBAE}.Debug|Any CPU.ActiveCfg = Debug|Any CPU
		{F619AEED-0AF6-4757-AC05-FBE94BF0FBAE}.Debug|Any CPU.Build.0 = Debug|Any CPU
		{F619AEED-0AF6-4757-AC05-FBE94BF0FBAE}.Release|Any CPU.ActiveCfg = Release|Any CPU
		{F619AEED-0AF6-4757-AC05-FBE94BF0FBAE}.Release|Any CPU.Build.0 = Release|Any CPU
		{00DB5A9C-12D3-43B0-9E4A-D9ECA873F5C9}.Debug|Any CPU.ActiveCfg = Debug|Any CPU
		{00DB5A9C-12D3-43B0-9E4A-D9ECA873F5C9}.Debug|Any CPU.Build.0 = Debug|Any CPU
		{00DB5A9C-12D3-43B0-9E4A-D9ECA873F5C9}.Release|Any CPU.ActiveCfg = Release|Any CPU
		{00DB5A9C-12D3-43B0-9E4A-D9ECA873F5C9}.Release|Any CPU.Build.0 = Release|Any CPU
	EndGlobalSection
	GlobalSection(SolutionProperties) = preSolution
		HideSolutionNode = FALSE
	EndGlobalSection
	GlobalSection(ExtensibilityGlobals) = postSolution
		SolutionGuid = {0BD5657F-A3C4-45D6-A17C-A548A8935E59}
	EndGlobalSection
EndGlobal
